{
  "name": "multiload",
  "version": "4.0.0",
  "lockfileVersion": 2,
  "requires": true,
  "packages": {
    "": {
      "name": "multiload",
      "version": "4.0.0",
      "license": "MIT",
      "dependencies": {
        "pure-utilities": "^1.4.4"
      },
      "engines": {
        "node": ">=14.17.0"
      }
    },
    "node_modules/pure-utilities": {
      "version": "1.4.4",
      "resolved": "https://registry.npmjs.org/pure-utilities/-/pure-utilities-1.4.4.tgz",
      "integrity": "sha512-iO8CwagOSapjQ0YZCHzDYuEF34Czt8htMDv6Sx0KTvE99cAm8n6lmGIaqpSE5Z3jKF+bBkLtYVHgDTAskMiSSg==",
      "license": "MIT",
      "engines": {
        "node": ">=20.13.1"
      }
    }
  },
  "dependencies": {
    "pure-utilities": {
      "version": "1.4.4",
      "resolved": "https://registry.npmjs.org/pure-utilities/-/pure-utilities-1.4.4.tgz",
      "integrity": "sha512-iO8CwagOSapjQ0YZCHzDYuEF34Czt8htMDv6Sx0KTvE99cAm8n6lmGIaqpSE5Z3jKF+bBkLtYVHgDTAskMiSSg=="
    }
  }
}
